// !$*UTF8*$!
{
	archiveVersion = 1;
	classes = {
	};
	objectVersion = 46;
	objects = {

/* Begin PBXBuildFile section */
		C8945C931B9BFC9B009065AE /* home.jpg in Resources */ = {isa = PBXBuildFile; fileRef = C8945C901B9BFC9B009065AE /* home.jpg */; };
		C8945C941B9BFC9B009065AE /* home@2x.jpg in Resources */ = {isa = PBXBuildFile; fileRef = C8945C911B9BFC9B009065AE /* home@2x.jpg */; };
		C8945C951B9BFC9B009065AE /* home@3x.jpg in Resources */ = {isa = PBXBuildFile; fileRef = C8945C921B9BFC9B009065AE /* home@3x.jpg */; };
		C89CAB921B9BA6CB003F56F7 /* AppDelegate.swift in Sources */ = {isa = PBXBuildFile; fileRef = C89CAB911B9BA6CB003F56F7 /* AppDelegate.swift */; };
		C89CAB941B9BA6CB003F56F7 /* ViewController.swift in Sources */ = {isa = PBXBuildFile; fileRef = C89CAB931B9BA6CB003F56F7 /* ViewController.swift */; };
		C89CAB971B9BA6CB003F56F7 /* Main.storyboard in Resources */ = {isa = PBXBuildFile; fileRef = C89CAB951B9BA6CB003F56F7 /* Main.storyboard */; };
		C89CAB991B9BA6CB003F56F7 /* Images.xcassets in Resources */ = {isa = PBXBuildFile; fileRef = C89CAB981B9BA6CB003F56F7 /* Images.xcassets */; };
		C89CAB9C1B9BA6CB003F56F7 /* LaunchScreen.xib in Resources */ = {isa = PBXBuildFile; fileRef = C89CAB9A1B9BA6CB003F56F7 /* LaunchScreen.xib */; };
		C89CABA81B9BA6CB003F56F7 /* operacionesTests.swift in Sources */ = {isa = PBXBuildFile; fileRef = C89CABA71B9BA6CB003F56F7 /* operacionesTests.swift */; };
/* End PBXBuildFile section */

/* Begin PBXContainerItemProxy section */
		C89CABA21B9BA6CB003F56F7 /* PBXContainerItemProxy */ = {
			isa = PBXContainerItemProxy;
			containerPortal = C89CAB841B9BA6CB003F56F7 /* Project object */;
			proxyType = 1;
			remoteGlobalIDString = C89CAB8B1B9BA6CB003F56F7;
			remoteInfo = operaciones;
		};
/* End PBXContainerItemProxy section */

/* Begin PBXFileReference section */
		C8945C901B9BFC9B009065AE /* home.jpg */ = {isa = PBXFileReference; lastKnownFileType = image.jpeg; path = home.jpg; sourceTree = "<group>"; };
		C8945C911B9BFC9B009065AE /* home@2x.jpg */ = {isa = PBXFileReference; lastKnownFileType = image.jpeg; path = "home@2x.jpg"; sourceTree = "<group>"; };
		C8945C921B9BFC9B009065AE /* home@3x.jpg */ = {isa = PBXFileReference; lastKnownFileType = image.jpeg; path = "home@3x.jpg"; sourceTree = "<group>"; };
		C89CAB8C1B9BA6CB003F56F7 /* operaciones.app */ = {isa = PBXFileReference; explicitFileType = wrapper.application; includeInIndex = 0; path = operaciones.app; sourceTree = BUILT_PRODUCTS_DIR; };
		C89CAB901B9BA6CB003F56F7 /* Info.plist */ = {isa = PBXFileReference; lastKnownFileType = text.plist.xml; path = Info.plist; sourceTree = "<group>"; };
		C89CAB911B9BA6CB003F56F7 /* AppDelegate.swift */ = {isa = PBXFileReference; lastKnownFileType = sourcecode.swift; path = AppDelegate.swift; sourceTree = "<group>"; };
		C89CAB931B9BA6CB003F56F7 /* ViewController.swift */ = {isa = PBXFileReference; lastKnownFileType = sourcecode.swift; path = ViewController.swift; sourceTree = "<group>"; };
		C89CAB961B9BA6CB003F56F7 /* Base */ = {isa = PBXFileReference; lastKnownFileType = file.storyboard; name = Base; path = Base.lproj/Main.storyboard; sourceTree = "<group>"; };
		C89CAB981B9BA6CB003F56F7 /* Images.xcassets */ = {isa = PBXFileReference; lastKnownFileType = folder.assetcatalog; path = Images.xcassets; sourceTree = "<group>"; };
		C89CAB9B1B9BA6CB003F56F7 /* Base */ = {isa = PBXFileReference; lastKnownFileType = file.xib; name = Base; path = Base.lproj/LaunchScreen.xib; sourceTree = "<group>"; };
		C89CABA11B9BA6CB003F56F7 /* operacionesTests.xctest */ = {isa = PBXFileReference; explicitFileType = wrapper.cfbundle; includeInIndex = 0; path = operacionesTests.xctest; sourceTree = BUILT_PRODUCTS_DIR; };
		C89CABA61B9BA6CB003F56F7 /* Info.plist */ = {isa = PBXFileReference; lastKnownFileType = text.plist.xml; path = Info.plist; sourceTree = "<group>"; };
		C89CABA71B9BA6CB003F56F7 /* operacionesTests.swift */ = {isa = PBXFileReference; lastKnownFileType = sourcecode.swift; path = operacionesTests.swift; sourceTree = "<group>"; };
/* End PBXFileReference section */

/* Begin PBXFrameworksBuildPhase section */
		C89CAB891B9BA6CB003F56F7 /* Frameworks */ = {
			isa = PBXFrameworksBuildPhase;
			buildActionMask = 2147483647;
			files = (
			);
			runOnlyForDeploymentPostprocessing = 0;
		};
		C89CAB9E1B9BA6CB003F56F7 /* Frameworks */ = {
			isa = PBXFrameworksBuildPhase;
			buildActionMask = 2147483647;
			files = (
			);
			runOnlyForDeploymentPostprocessing = 0;
		};
/* End PBXFrameworksBuildPhase section */

/* Begin PBXGroup section */
		C8945C891B9BFC63009065AE /* images */ = {
			isa = PBXGroup;
			children = (
				C8945C901B9BFC9B009065AE /* home.jpg */,
				C8945C911B9BFC9B009065AE /* home@2x.jpg */,
				C8945C921B9BFC9B009065AE /* home@3x.jpg */,
			);
			name = images;
			sourceTree = "<group>";
		};
		C89CAB831B9BA6CB003F56F7 = {
			isa = PBXGroup;
			children = (
				C8945C891B9BFC63009065AE /* images */,
				C89CAB8E1B9BA6CB003F56F7 /* operaciones */,
				C89CABA41B9BA6CB003F56F7 /* operacionesTests */,
				C89CAB8D1B9BA6CB003F56F7 /* Products */,
			);
			sourceTree = "<group>";
		};
		C89CAB8D1B9BA6CB003F56F7 /* Products */ = {
			isa = PBXGroup;
			children = (
				C89CAB8C1B9BA6CB003F56F7 /* operaciones.app */,
				C89CABA11B9BA6CB003F56F7 /* operacionesTests.xctest */,
			);
			name = Products;
			sourceTree = "<group>";
		};
		C89CAB8E1B9BA6CB003F56F7 /* operaciones */ = {
			isa = PBXGroup;
			children = (
				C89CAB911B9BA6CB003F56F7 /* AppDelegate.swift */,
				C89CAB931B9BA6CB003F56F7 /* ViewController.swift */,
				C89CAB951B9BA6CB003F56F7 /* Main.storyboard */,
				C89CAB981B9BA6CB003F56F7 /* Images.xcassets */,
				C89CAB9A1B9BA6CB003F56F7 /* LaunchScreen.xib */,
				C89CAB8F1B9BA6CB003F56F7 /* Supporting Files */,
			);
			path = operaciones;
			sourceTree = "<group>";
		};
		C89CAB8F1B9BA6CB003F56F7 /* Supporting Files */ = {
			isa = PBXGroup;
			children = (
				C89CAB901B9BA6CB003F56F7 /* Info.plist */,
			);
			name = "Supporting Files";
			sourceTree = "<group>";
		};
		C89CABA41B9BA6CB003F56F7 /* operacionesTests */ = {
			isa = PBXGroup;
			children = (
				C89CABA71B9BA6CB003F56F7 /* operacionesTests.swift */,
				C89CABA51B9BA6CB003F56F7 /* Supporting Files */,
			);
			path = operacionesTests;
			sourceTree = "<group>";
		};
		C89CABA51B9BA6CB003F56F7 /* Supporting Files */ = {
			isa = PBXGroup;
			children = (
				C89CABA61B9BA6CB003F56F7 /* Info.plist */,
			);
			name = "Supporting Files";
			sourceTree = "<group>";
		};
/* End PBXGroup section */

/* Begin PBXNativeTarget section */
		C89CAB8B1B9BA6CB003F56F7 /* operaciones */ = {
			isa = PBXNativeTarget;
			buildConfigurationList = C89CABAB1B9BA6CB003F56F7 /* Build configuration list for PBXNativeTarget "operaciones" */;
			buildPhases = (
				C89CAB881B9BA6CB003F56F7 /* Sources */,
				C89CAB891B9BA6CB003F56F7 /* Frameworks */,
				C89CAB8A1B9BA6CB003F56F7 /* Resources */,
			);
			buildRules = (
			);
			dependencies = (
			);
			name = operaciones;
			productName = operaciones;
			productReference = C89CAB8C1B9BA6CB003F56F7 /* operaciones.app */;
			productType = "com.apple.product-type.application";
		};
		C89CABA01B9BA6CB003F56F7 /* operacionesTests */ = {
			isa = PBXNativeTarget;
			buildConfigurationList = C89CABAE1B9BA6CB003F56F7 /* Build configuration list for PBXNativeTarget "operacionesTests" */;
			buildPhases = (
				C89CAB9D1B9BA6CB003F56F7 /* Sources */,
				C89CAB9E1B9BA6CB003F56F7 /* Frameworks */,
				C89CAB9F1B9BA6CB003F56F7 /* Resources */,
			);
			buildRules = (
			);
			dependencies = (
				C89CABA31B9BA6CB003F56F7 /* PBXTargetDependency */,
			);
			name = operacionesTests;
			productName = operacionesTests;
			productReference = C89CABA11B9BA6CB003F56F7 /* operacionesTests.xctest */;
			productType = "com.apple.product-type.bundle.unit-test";
		};
/* End PBXNativeTarget section */

/* Begin PBXProject section */
		C89CAB841B9BA6CB003F56F7 /* Project object */ = {
			isa = PBXProject;
			attributes = {
				LastUpgradeCheck = 0640;
				ORGANIZATIONNAME = "M-Sonic";
				TargetAttributes = {
					C89CAB8B1B9BA6CB003F56F7 = {
						CreatedOnToolsVersion = 6.4;
					};
					C89CABA01B9BA6CB003F56F7 = {
						CreatedOnToolsVersion = 6.4;
						TestTargetID = C89CAB8B1B9BA6CB003F56F7;
					};
				};
			};
			buildConfigurationList = C89CAB871B9BA6CB003F56F7 /* Build configuration list for PBXProject "operaciones" */;
			compatibilityVersion = "Xcode 3.2";
			developmentRegion = English;
			hasScannedForEncodings = 0;
			knownRegions = (
				en,
				Base,
			);
			mainGroup = C89CAB831B9BA6CB003F56F7;
			productRefGroup = C89CAB8D1B9BA6CB003F56F7 /* Products */;
			projectDirPath = "";
			projectRoot = "";
			targets = (
				C89CAB8B1B9BA6CB003F56F7 /* operaciones */,
				C89CABA01B9BA6CB003F56F7 /* operacionesTests */,
			);
		};
/* End PBXProject section */

/* Begin PBXResourcesBuildPhase section */
		C89CAB8A1B9BA6CB003F56F7 /* Resources */ = {
			isa = PBXResourcesBuildPhase;
			buildActionMask = 2147483647;
			files = (
				C8945C941B9BFC9B009065AE /* home@2x.jpg in Resources */,
				C8945C931B9BFC9B009065AE /* home.jpg in Resources */,
				C8945C951B9BFC9B009065AE /* home@3x.jpg in Resources */,
				C89CAB971B9BA6CB003F56F7 /* Main.storyboard in Resources */,
				C89CAB9C1B9BA6CB003F56F7 /* LaunchScreen.xib in Resources */,
				C89CAB991B9BA6CB003F56F7 /* Images.xcassets in Resources */,
			);
			runOnlyForDeploymentPostprocessing = 0;
		};
		C89CAB9F1B9BA6CB003F56F7 /* Resources */ = {
			isa = PBXResourcesBuildPhase;
			buildActionMask = 2147483647;
			files = (
			);
			runOnlyForDeploymentPostprocessing = 0;
		};
/* End PBXResourcesBuildPhase section */

/* Begin PBXSourcesBuildPhase section */
		C89CAB881B9BA6CB003F56F7 /* Sources */ = {
			isa = PBXSourcesBuildPhase;
			buildActionMask = 2147483647;
			files = (
				C89CAB941B9BA6CB003F56F7 /* ViewController.swift in Sources */,
				C89CAB921B9BA6CB003F56F7 /* AppDelegate.swift in Sources */,
			);
			runOnlyForDeploymentPostprocessing = 0;
		};
		C89CAB9D1B9BA6CB003F56F7 /* Sources */ = {
			isa = PBXSourcesBuildPhase;
			buildActionMask = 2147483647;
			files = (
				C89CABA81B9BA6CB003F56F7 /* operacionesTests.swift in Sources */,
			);
			runOnlyForDeploymentPostprocessing = 0;
		};
/* End PBXSourcesBuildPhase section */

/* Begin PBXTargetDependency section */
		C89CABA31B9BA6CB003F56F7 /* PBXTargetDependency */ = {
			isa = PBXTargetDependency;
			target = C89CAB8B1B9BA6CB003F56F7 /* operaciones */;
			targetProxy = C89CABA21B9BA6CB003F56F7 /* PBXContainerItemProxy */;
		};
/* End PBXTargetDependency section */

/* Begin PBXVariantGroup section */
		C89CAB951B9BA6CB003F56F7 /* Main.storyboard */ = {
			isa = PBXVariantGroup;
			children = (
				C89CAB961B9BA6CB003F56F7 /* Base */,
			);
			name = Main.storyboard;
			sourceTree = "<group>";
		};
		C89CAB9A1B9BA6CB003F56F7 /* LaunchScreen.xib */ = {
			isa = PBXVariantGroup;
			children = (
				C89CAB9B1B9BA6CB003F56F7 /* Base */,
			);
			name = LaunchScreen.xib;
			sourceTree = "<group>";
		};
/* End PBXVariantGroup section */

/* Begin XCBuildConfiguration section */
		C89CABA91B9BA6CB003F56F7 /* Debug */ = {
			isa = XCBuildConfiguration;
			buildSettings = {
				ALWAYS_SEARCH_USER_PATHS = NO;
				CLANG_CXX_LANGUAGE_STANDARD = "gnu++0x";
				CLANG_CXX_LIBRARY = "libc++";
				CLANG_ENABLE_MODULES = YES;
				CLANG_ENABLE_OBJC_ARC = YES;
				CLANG_WARN_BOOL_CONVERSION = YES;
				CLANG_WARN_CONSTANT_CONVERSION = YES;
				CLANG_WARN_DIRECT_OBJC_ISA_USAGE = YES_ERROR;
				CLANG_WARN_EMPTY_BODY = YES;
				CLANG_WARN_ENUM_CONVERSION = YES;
				CLANG_WARN_INT_CONVERSION = YES;
				CLANG_WARN_OBJC_ROOT_CLASS = YES_ERROR;
				CLANG_WARN_UNREACHABLE_CODE = YES;
				CLANG_WARN__DUPLICATE_METHOD_MATCH = YES;
				"CODE_SIGN_IDENTITY[sdk=iphoneos*]" = "iPhone Developer";
				COPY_PHASE_STRIP = NO;
				DEBUG_INFORMATION_FORMAT = "dwarf-with-dsym";
				ENABLE_STRICT_OBJC_MSGSEND = YES;
				GCC_C_LANGUAGE_STANDARD = gnu99;
				GCC_DYNAMIC_NO_PIC = NO;
				GCC_NO_COMMON_BLOCKS = YES;
				GCC_OPTIMIZATION_LEVEL = 0;
				GCC_PREPROCESSOR_DEFINITIONS = (
					"DEBUG=1",
					"$(inherited)",
				);
				GCC_SYMBOLS_PRIVATE_EXTERN = NO;
				GCC_WARN_64_TO_32_BIT_CONVERSION = YES;
				GCC_WARN_ABOUT_RETURN_TYPE = YES_ERROR;
				GCC_WARN_UNDECLARED_SELECTOR = YES;
				GCC_WARN_UNINITIALIZED_AUTOS = YES_AGGRESSIVE;
				GCC_WARN_UNUSED_FUNCTION = YES;
				GCC_WARN_UNUSED_VARIABLE = YES;
				IPHONEOS_DEPLOYMENT_TARGET = 8.4;
				MTL_ENABLE_DEBUG_INFO = YES;
				ONLY_ACTIVE_ARCH = YES;
				SDKROOT = iphoneos;
				SWIFT_OPTIMIZATION_LEVEL = "-Onone";
			};
			name = Debug;
		};
		C89CABAA1B9BA6CB003F56F7 /* Release */ = {
			isa = XCBuildConfiguration;
			buildSettings = {
				ALWAYS_SEARCH_USER_PATHS = NO;
				CLANG_CXX_LANGUAGE_STANDARD = "gnu++0x";
				CLANG_CXX_LIBRARY = "libc++";
				CLANG_ENABLE_MODULES = YES;
				CLANG_ENABLE_OBJC_ARC = YES;
				CLANG_WARN_BOOL_CONVERSION = YES;
				CLANG_WARN_CONSTANT_CONVERSION = YES;
				CLANG_WARN_DIRECT_OBJC_ISA_USAGE = YES_ERROR;
				CLANG_WARN_EMPTY_BODY = YES;
				CLANG_WARN_ENUM_CONVERSION = YES;
				CLANG_WARN_INT_CONVERSION = YES;
				CLANG_WARN_OBJC_ROOT_CLASS = YES_ERROR;
				CLANG_WARN_UNREACHABLE_CODE = YES;
				CLANG_WARN__DUPLICATE_METHOD_MATCH = YES;
				"CODE_SIGN_IDENTITY[sdk=iphoneos*]" = "iPhone Developer";
				COPY_PHASE_STRIP = NO;
				DEBUG_INFORMATION_FORMAT = "dwarf-with-dsym";
				ENABLE_NS_ASSERTIONS = NO;
				ENABLE_STRICT_OBJC_MSGSEND = YES;
				GCC_C_LANGUAGE_STANDARD = gnu99;
				GCC_NO_COMMON_BLOCKS = YES;
				GCC_WARN_64_TO_32_BIT_CONVERSION = YES;
				GCC_WARN_ABOUT_RETURN_TYPE = YES_ERROR;
				GCC_WARN_UNDECLARED_SELECTOR = YES;
				GCC_WARN_UNINITIALIZED_AUTOS = YES_AGGRESSIVE;
				GCC_WARN_UNUSED_FUNCTION = YES;
				GCC_WARN_UNUSED_VARIABLE = YES;
				IPHONEOS_DEPLOYMENT_TARGET = 8.4;
				MTL_ENABLE_DEBUG_INFO = NO;
				SDKROOT = iphoneos;
				VALIDATE_PRODUCT = YES;
			};
			name = Release;
		};
		C89CABAC1B9BA6CB003F56F7 /* Debug */ = {
			isa = XCBuildConfiguration;
			buildSettings = {
				ASSETCATALOG_COMPILER_APPICON_NAME = AppIcon;
				"CODE_SIGN_IDENTITY[sdk=iphoneos*]" = "iPhone Developer";
				INFOPLIST_FILE = operaciones/Info.plist;
				IPHONEOS_DEPLOYMENT_TARGET = 7.1;
				LD_RUNPATH_SEARCH_PATHS = "$(inherited) @executable_path/Frameworks";
				PRODUCT_NAME = "$(TARGET_NAME)";
			};
			name = Debug;
		};
		C89CABAD1B9BA6CB003F56F7 /* Release */ = {
			isa = XCBuildConfiguration;
			buildSettings = {
				ASSETCATALOG_COMPILER_APPICON_NAME = AppIcon;
				INFOPLIST_FILE = operaciones/Info.plist;
				IPHONEOS_DEPLOYMENT_TARGET = 7.1;
				LD_RUNPATH_SEARCH_PATHS = "$(inherited) @executable_path/Frameworks";
				PRODUCT_NAME = "$(TARGET_NAME)";
			};
			name = Release;
		};
		C89CABAF1B9BA6CB003F56F7 /* Debug */ = {
			isa = XCBuildConfiguration;
			buildSettings = {
				BUNDLE_LOADER = "$(TEST_HOST)";
				FRAMEWORK_SEARCH_PATHS = (
					"$(SDKROOT)/Developer/Library/Frameworks",
					"$(inherited)",
				);
				GCC_PREPROCESSOR_DEFINITIONS = (
					"DEBUG=1",
					"$(inherited)",
				);
				INFOPLIST_FILE = operacionesTests/Info.plist;
				LD_RUNPATH_SEARCH_PATHS = "$(inherited) @executable_path/Frameworks @loader_path/Frameworks";
				PRODUCT_NAME = "$(TARGET_NAME)";
				TEST_HOST = "$(BUILT_PRODUCTS_DIR)/operaciones.app/operaciones";
			};
			name = Debug;
		};
		C89CABB01B9BA6CB003F56F7 /* Release */ = {
			isa = XCBuildConfiguration;
			buildSettings = {
				BUNDLE_LOADER = "$(TEST_HOST)";
				FRAMEWORK_SEARCH_PATHS = (
					"$(SDKROOT)/Developer/Library/Frameworks",
					"$(inherited)",
				);
				INFOPLIST_FILE = operacionesTests/Info.plist;
				LD_RUNPATH_SEARCH_PATHS = "$(inherited) @executable_path/Frameworks @loader_path/Frameworks";
				PRODUCT_NAME = "$(TARGET_NAME)";
				TEST_HOST = "$(BUILT_PRODUCTS_DIR)/operaciones.app/operaciones";
			};
			name = Release;
		};
/* End XCBuildConfiguration section */

/* Begin XCConfigurationList section */
		C89CAB871B9BA6CB003F56F7 /* Build configuration list for PBXProject "operaciones" */ = {
			isa = XCConfigurationList;
			buildConfigurations = (
				C89CABA91B9BA6CB003F56F7 /* Debug */,
				C89CABAA1B9BA6CB003F56F7 /* Release */,
			);
			defaultConfigurationIsVisible = 0;
			defaultConfigurationName = Release;
		};
		C89CABAB1B9BA6CB003F56F7 /* Build configuration list for PBXNativeTarget "operaciones" */ = {
			isa = XCConfigurationList;
			buildConfigurations = (
				C89CABAC1B9BA6CB003F56F7 /* Debug */,
				C89CABAD1B9BA6CB003F56F7 /* Release */,
			);
			defaultConfigurationIsVisible = 0;
			defaultConfigurationName = Release;
		};
		C89CABAE1B9BA6CB003F56F7 /* Build configuration list for PBXNativeTarget "operacionesTests" */ = {
			isa = XCConfigurationList;
			buildConfigurations = (
				C89CABAF1B9BA6CB003F56F7 /* Debug */,
				C89CABB01B9BA6CB003F56F7 /* Release */,
			);
			defaultConfigurationIsVisible = 0;
			defaultConfigurationName = Release;
		};
/* End XCConfigurationList section */
	};
	rootObject = C89CAB841B9BA6CB003F56F7 /* Project object */;
}
